
Microsoft Visual Studio Solution File, Format Version 11.00
# Visual Studio 2010
Project("{FAE04EC0-301F-11D3-BF4B-00C04F79EFBC}") = "Memory Game", "Assembly-CSharp-firstpass.csproj", "{4D4C10D3-67B3-7AC7-12DB-3AC525EB31AB}"
EndProject
Project("{FAE04EC0-301F-11D3-BF4B-00C04F79EFBC}") = "Memory Game", "Assembly-CSharp.csproj", "{CDB33564-B771-EF64-3140-AE2F72FC95A9}"
EndProject
Global
	GlobalSection(SolutionConfigurationPlatforms) = preSolution
		Debug|Any CPU = Debug|Any CPU
		Release|Any CPU = Release|Any CPU
	EndGlobalSection
	GlobalSection(ProjectConfigurationPlatforms) = postSolution
		{4D4C10D3-67B3-7AC7-12DB-3AC525EB31AB}.Debug|Any CPU.ActiveCfg = Debug|Any CPU
		{4D4C10D3-67B3-7AC7-12DB-3AC525EB31AB}.Debug|Any CPU.Build.0 = Debug|Any CPU
		{4D4C10D3-67B3-7AC7-12DB-3AC525EB31AB}.Release|Any CPU.ActiveCfg = Release|Any CPU
		{4D4C10D3-67B3-7AC7-12DB-3AC525EB31AB}.Release|Any CPU.Build.0 = Release|Any CPU
		{CDB33564-B771-EF64-3140-AE2F72FC95A9}.Debug|Any CPU.ActiveCfg = Debug|Any CPU
		{CDB33564-B771-EF64-3140-AE2F72FC95A9}.Debug|Any CPU.Build.0 = Debug|Any CPU
		{CDB33564-B771-EF64-3140-AE2F72FC95A9}.Release|Any CPU.ActiveCfg = Release|Any CPU
		{CDB33564-B771-EF64-3140-AE2F72FC95A9}.Release|Any CPU.Build.0 = Release|Any CPU
	EndGlobalSection
	GlobalSection(SolutionProperties) = preSolution
		HideSolutionNode = FALSE
	EndGlobalSection
	GlobalSection(MonoDevelopProperties) = preSolution
		StartupItem = Assembly-CSharp.csproj
	EndGlobalSection
EndGlobal
