
Microsoft Visual Studio Solution File, Format Version 11.00
# Visual Studio 2010
Project("{FAE04EC0-301F-11D3-BF4B-00C04F79EFBC}") = "Angle", "Assembly-CSharp-firstpass.csproj", "{E6645E21-2533-7303-4A5A-C4FE7E76D9A6}"
EndProject
Project("{FAE04EC0-301F-11D3-BF4B-00C04F79EFBC}") = "Angle", "Assembly-CSharp.csproj", "{0A980851-26F4-1819-26EA-94D033B33339}"
EndProject
Global
	GlobalSection(SolutionConfigurationPlatforms) = preSolution
		Debug|Any CPU = Debug|Any CPU
		Release|Any CPU = Release|Any CPU
	EndGlobalSection
	GlobalSection(ProjectConfigurationPlatforms) = postSolution
		{E6645E21-2533-7303-4A5A-C4FE7E76D9A6}.Debug|Any CPU.ActiveCfg = Debug|Any CPU
		{E6645E21-2533-7303-4A5A-C4FE7E76D9A6}.Debug|Any CPU.Build.0 = Debug|Any CPU
		{E6645E21-2533-7303-4A5A-C4FE7E76D9A6}.Release|Any CPU.ActiveCfg = Release|Any CPU
		{E6645E21-2533-7303-4A5A-C4FE7E76D9A6}.Release|Any CPU.Build.0 = Release|Any CPU
		{0A980851-26F4-1819-26EA-94D033B33339}.Debug|Any CPU.ActiveCfg = Debug|Any CPU
		{0A980851-26F4-1819-26EA-94D033B33339}.Debug|Any CPU.Build.0 = Debug|Any CPU
		{0A980851-26F4-1819-26EA-94D033B33339}.Release|Any CPU.ActiveCfg = Release|Any CPU
		{0A980851-26F4-1819-26EA-94D033B33339}.Release|Any CPU.Build.0 = Release|Any CPU
	EndGlobalSection
	GlobalSection(SolutionProperties) = preSolution
		HideSolutionNode = FALSE
	EndGlobalSection
	GlobalSection(MonoDevelopProperties) = preSolution
		StartupItem = Assembly-CSharp.csproj
	EndGlobalSection
EndGlobal
