
Microsoft Visual Studio Solution File, Format Version 11.00
# Visual Studio 2010
Project("{FAE04EC0-301F-11D3-BF4B-00C04F79EFBC}") = "Jelly Blocks", "Assembly-CSharp-firstpass.csproj", "{72260784-05B7-C5F1-FFD7-9C9B74C31D2D}"
EndProject
Project("{FAE04EC0-301F-11D3-BF4B-00C04F79EFBC}") = "Jelly Blocks", "Assembly-CSharp.csproj", "{41A81D98-EAC5-255D-738E-CCEC1A697676}"
EndProject
Global
	GlobalSection(SolutionConfigurationPlatforms) = preSolution
		Debug|Any CPU = Debug|Any CPU
		Release|Any CPU = Release|Any CPU
	EndGlobalSection
	GlobalSection(ProjectConfigurationPlatforms) = postSolution
		{72260784-05B7-C5F1-FFD7-9C9B74C31D2D}.Debug|Any CPU.ActiveCfg = Debug|Any CPU
		{72260784-05B7-C5F1-FFD7-9C9B74C31D2D}.Debug|Any CPU.Build.0 = Debug|Any CPU
		{72260784-05B7-C5F1-FFD7-9C9B74C31D2D}.Release|Any CPU.ActiveCfg = Release|Any CPU
		{72260784-05B7-C5F1-FFD7-9C9B74C31D2D}.Release|Any CPU.Build.0 = Release|Any CPU
		{41A81D98-EAC5-255D-738E-CCEC1A697676}.Debug|Any CPU.ActiveCfg = Debug|Any CPU
		{41A81D98-EAC5-255D-738E-CCEC1A697676}.Debug|Any CPU.Build.0 = Debug|Any CPU
		{41A81D98-EAC5-255D-738E-CCEC1A697676}.Release|Any CPU.ActiveCfg = Release|Any CPU
		{41A81D98-EAC5-255D-738E-CCEC1A697676}.Release|Any CPU.Build.0 = Release|Any CPU
	EndGlobalSection
	GlobalSection(SolutionProperties) = preSolution
		HideSolutionNode = FALSE
	EndGlobalSection
	GlobalSection(MonoDevelopProperties) = preSolution
		StartupItem = Assembly-CSharp.csproj
	EndGlobalSection
EndGlobal
